
Microsoft Visual Studio Solution File, Format Version 12.00
# Visual Studio 14
VisualStudioVersion = 14.0.25420.1
MinimumVisualStudioVersion = 10.0.40219.1
Project("{FAE04EC0-301F-11D3-BF4B-00C04F79EFBC}") = "CarbonlessWebOperationsDemo", "CarbonlessWebOperationsDemo\CarbonlessWebOperationsDemo.csproj", "{089F831D-8D7B-4EE7-A63E-C8E53A057540}"
EndProject
Project("{FAE04EC0-301F-11D3-BF4B-00C04F79EFBC}") = "CarbonlessWebOperations", "CarbonlessWebOperations\CarbonlessWebOperations.csproj", "{ECAA9416-CBFA-44AA-AEC5-C6EC8EDA2F9C}"
EndProject
Global
	GlobalSection(SolutionConfigurationPlatforms) = preSolution
		Debug|Any CPU = Debug|Any CPU
		Release|Any CPU = Release|Any CPU
	EndGlobalSection
	GlobalSection(ProjectConfigurationPlatforms) = postSolution
		{089F831D-8D7B-4EE7-A63E-C8E53A057540}.Debug|Any CPU.ActiveCfg = Debug|Any CPU
		{089F831D-8D7B-4EE7-A63E-C8E53A057540}.Debug|Any CPU.Build.0 = Debug|Any CPU
		{089F831D-8D7B-4EE7-A63E-C8E53A057540}.Release|Any CPU.ActiveCfg = Release|Any CPU
		{089F831D-8D7B-4EE7-A63E-C8E53A057540}.Release|Any CPU.Build.0 = Release|Any CPU
		{ECAA9416-CBFA-44AA-AEC5-C6EC8EDA2F9C}.Debug|Any CPU.ActiveCfg = Debug|Any CPU
		{ECAA9416-CBFA-44AA-AEC5-C6EC8EDA2F9C}.Debug|Any CPU.Build.0 = Debug|Any CPU
		{ECAA9416-CBFA-44AA-AEC5-C6EC8EDA2F9C}.Release|Any CPU.ActiveCfg = Release|Any CPU
		{ECAA9416-CBFA-44AA-AEC5-C6EC8EDA2F9C}.Release|Any CPU.Build.0 = Release|Any CPU
	EndGlobalSection
	GlobalSection(SolutionProperties) = preSolution
		HideSolutionNode = FALSE
	EndGlobalSection
EndGlobal
